
Microsoft Visual Studio Solution File, Format Version 12.00
Project("{FAE04EC0-301F-11D3-BF4B-00C04F79EFBC}") = "AutoService", "AutoService.csproj", "{AA418323-E465-49DE-AE2A-33E30404E710}"
EndProject
Global
	GlobalSection(SolutionConfigurationPlatforms) = preSolution
		Debug|Any CPU = Debug|Any CPU
		Release|Any CPU = Release|Any CPU
	EndGlobalSection
	GlobalSection(ProjectConfigurationPlatforms) = postSolution
		{AA418323-E465-49DE-AE2A-33E30404E710}.Debug|Any CPU.ActiveCfg = Debug|Any CPU
		{AA418323-E465-49DE-AE2A-33E30404E710}.Debug|Any CPU.Build.0 = Debug|Any CPU
		{AA418323-E465-49DE-AE2A-33E30404E710}.Release|Any CPU.ActiveCfg = Release|Any CPU
		{AA418323-E465-49DE-AE2A-33E30404E710}.Release|Any CPU.Build.0 = Release|Any CPU
	EndGlobalSection
EndGlobal
